// !$*UTF8*$!
{
	archiveVersion = 1;
	classes = {
	};
	objectVersion = 56;
	objects = {

/* Begin PBXBuildFile section */
		6B82E76EA69182EB87397A02 /* Pods_ConexNews_ConexNewsUITests.framework in Frameworks */ = {isa = PBXBuildFile; fileRef = 508DC69B1FBB996D2E208D45 /* Pods_ConexNews_ConexNewsUITests.framework */; };
		8215CD5E87B1031DEE4E38F4 /* Pods_ConexNewsTests.framework in Frameworks */ = {isa = PBXBuildFile; fileRef = A0F6BAC79729BA012C67D7CE /* Pods_ConexNewsTests.framework */; };
		B9D036350623B6BE13A14C71 /* Pods_ConexNews.framework in Frameworks */ = {isa = PBXBuildFile; fileRef = 6C0E64594332A3989EF6BD94 /* Pods_ConexNews.framework */; };
		F41792E12BFAD227002F910A /* AppDelegate.swift in Sources */ = {isa = PBXBuildFile; fileRef = F41792E02BFAD227002F910A /* AppDelegate.swift */; };
		F41792E32BFAD227002F910A /* SceneDelegate.swift in Sources */ = {isa = PBXBuildFile; fileRef = F41792E22BFAD227002F910A /* SceneDelegate.swift */; };
		F41792E52BFAD227002F910A /* ViewController.swift in Sources */ = {isa = PBXBuildFile; fileRef = F41792E42BFAD227002F910A /* ViewController.swift */; };
		F41792E82BFAD227002F910A /* Main.storyboard in Resources */ = {isa = PBXBuildFile; fileRef = F41792E62BFAD227002F910A /* Main.storyboard */; };
		F41792EA2BFAD229002F910A /* Assets.xcassets in Resources */ = {isa = PBXBuildFile; fileRef = F41792E92BFAD229002F910A /* Assets.xcassets */; };
		F41792ED2BFAD229002F910A /* LaunchScreen.storyboard in Resources */ = {isa = PBXBuildFile; fileRef = F41792EB2BFAD229002F910A /* LaunchScreen.storyboard */; };
		F41792F82BFAD229002F910A /* ConexNewsTests.swift in Sources */ = {isa = PBXBuildFile; fileRef = F41792F72BFAD229002F910A /* ConexNewsTests.swift */; };
		F41793022BFAD229002F910A /* ConexNewsUITests.swift in Sources */ = {isa = PBXBuildFile; fileRef = F41793012BFAD229002F910A /* ConexNewsUITests.swift */; };
		F41793042BFAD229002F910A /* ConexNewsUITestsLaunchTests.swift in Sources */ = {isa = PBXBuildFile; fileRef = F41793032BFAD229002F910A /* ConexNewsUITestsLaunchTests.swift */; };
		F41793182BFADA3A002F910A /* TabBarViewController.swift in Sources */ = {isa = PBXBuildFile; fileRef = F41793162BFADA3A002F910A /* TabBarViewController.swift */; };
		F41793192BFADA3A002F910A /* TabBarViewController.swift in Sources */ = {isa = PBXBuildFile; fileRef = F41793162BFADA3A002F910A /* TabBarViewController.swift */; };
		F417931A2BFADA3A002F910A /* TabBarViewController.swift in Sources */ = {isa = PBXBuildFile; fileRef = F41793162BFADA3A002F910A /* TabBarViewController.swift */; };
		F417931B2BFADA3A002F910A /* TabBarViewController.xib in Resources */ = {isa = PBXBuildFile; fileRef = F41793172BFADA3A002F910A /* TabBarViewController.xib */; };
		F417931C2BFADA3A002F910A /* TabBarViewController.xib in Resources */ = {isa = PBXBuildFile; fileRef = F41793172BFADA3A002F910A /* TabBarViewController.xib */; };
		F417931D2BFADA3A002F910A /* TabBarViewController.xib in Resources */ = {isa = PBXBuildFile; fileRef = F41793172BFADA3A002F910A /* TabBarViewController.xib */; };
		F41793252BFADE5E002F910A /* UsersViewController.swift in Sources */ = {isa = PBXBuildFile; fileRef = F41793232BFADE5E002F910A /* UsersViewController.swift */; };
		F41793262BFADE5E002F910A /* UsersViewController.swift in Sources */ = {isa = PBXBuildFile; fileRef = F41793232BFADE5E002F910A /* UsersViewController.swift */; };
		F41793272BFADE5E002F910A /* UsersViewController.swift in Sources */ = {isa = PBXBuildFile; fileRef = F41793232BFADE5E002F910A /* UsersViewController.swift */; };
		F41793282BFADE5E002F910A /* UsersViewController.xib in Resources */ = {isa = PBXBuildFile; fileRef = F41793242BFADE5E002F910A /* UsersViewController.xib */; };
		F41793292BFADE5E002F910A /* UsersViewController.xib in Resources */ = {isa = PBXBuildFile; fileRef = F41793242BFADE5E002F910A /* UsersViewController.xib */; };
		F417932A2BFADE5E002F910A /* UsersViewController.xib in Resources */ = {isa = PBXBuildFile; fileRef = F41793242BFADE5E002F910A /* UsersViewController.xib */; };
		F41793302BFADEA2002F910A /* NewsViewController.swift in Sources */ = {isa = PBXBuildFile; fileRef = F417932E2BFADEA2002F910A /* NewsViewController.swift */; };
		F41793312BFADEA2002F910A /* NewsViewController.swift in Sources */ = {isa = PBXBuildFile; fileRef = F417932E2BFADEA2002F910A /* NewsViewController.swift */; };
		F41793322BFADEA2002F910A /* NewsViewController.swift in Sources */ = {isa = PBXBuildFile; fileRef = F417932E2BFADEA2002F910A /* NewsViewController.swift */; };
		F41793332BFADEA2002F910A /* NewsViewController.xib in Resources */ = {isa = PBXBuildFile; fileRef = F417932F2BFADEA2002F910A /* NewsViewController.xib */; };
		F41793342BFADEA2002F910A /* NewsViewController.xib in Resources */ = {isa = PBXBuildFile; fileRef = F417932F2BFADEA2002F910A /* NewsViewController.xib */; };
		F41793352BFADEA2002F910A /* NewsViewController.xib in Resources */ = {isa = PBXBuildFile; fileRef = F417932F2BFADEA2002F910A /* NewsViewController.xib */; };
		F41793372BFAE83D002F910A /* UsersViewModel.swift in Sources */ = {isa = PBXBuildFile; fileRef = F41793362BFAE83D002F910A /* UsersViewModel.swift */; };
		F41793382BFAE83D002F910A /* UsersViewModel.swift in Sources */ = {isa = PBXBuildFile; fileRef = F41793362BFAE83D002F910A /* UsersViewModel.swift */; };
		F41793392BFAE83D002F910A /* UsersViewModel.swift in Sources */ = {isa = PBXBuildFile; fileRef = F41793362BFAE83D002F910A /* UsersViewModel.swift */; };
		F417933B2BFAE84E002F910A /* NewsViewModel.swift in Sources */ = {isa = PBXBuildFile; fileRef = F417933A2BFAE84E002F910A /* NewsViewModel.swift */; };
		F417933C2BFAE84E002F910A /* NewsViewModel.swift in Sources */ = {isa = PBXBuildFile; fileRef = F417933A2BFAE84E002F910A /* NewsViewModel.swift */; };
		F417933D2BFAE84E002F910A /* NewsViewModel.swift in Sources */ = {isa = PBXBuildFile; fileRef = F417933A2BFAE84E002F910A /* NewsViewModel.swift */; };
		F41793472BFAE8A0002F910A /* NewsModel.swift in Sources */ = {isa = PBXBuildFile; fileRef = F41793462BFAE8A0002F910A /* NewsModel.swift */; };
		F41793482BFAE8A0002F910A /* NewsModel.swift in Sources */ = {isa = PBXBuildFile; fileRef = F41793462BFAE8A0002F910A /* NewsModel.swift */; };
		F41793492BFAE8A0002F910A /* NewsModel.swift in Sources */ = {isa = PBXBuildFile; fileRef = F41793462BFAE8A0002F910A /* NewsModel.swift */; };
		F417934B2BFAE8B9002F910A /* UsersModel.swift in Sources */ = {isa = PBXBuildFile; fileRef = F417934A2BFAE8B9002F910A /* UsersModel.swift */; };
		F417934C2BFAE8B9002F910A /* UsersModel.swift in Sources */ = {isa = PBXBuildFile; fileRef = F417934A2BFAE8B9002F910A /* UsersModel.swift */; };
		F417934D2BFAE8B9002F910A /* UsersModel.swift in Sources */ = {isa = PBXBuildFile; fileRef = F417934A2BFAE8B9002F910A /* UsersModel.swift */; };
		F480248A2BFC0AFC00503C2F /* NewsTableViewCell.swift in Sources */ = {isa = PBXBuildFile; fileRef = F48024882BFC0AFC00503C2F /* NewsTableViewCell.swift */; };
		F480248B2BFC0AFC00503C2F /* NewsTableViewCell.swift in Sources */ = {isa = PBXBuildFile; fileRef = F48024882BFC0AFC00503C2F /* NewsTableViewCell.swift */; };
		F480248C2BFC0AFC00503C2F /* NewsTableViewCell.swift in Sources */ = {isa = PBXBuildFile; fileRef = F48024882BFC0AFC00503C2F /* NewsTableViewCell.swift */; };
		F480248D2BFC0AFC00503C2F /* NewsTableViewCell.xib in Resources */ = {isa = PBXBuildFile; fileRef = F48024892BFC0AFC00503C2F /* NewsTableViewCell.xib */; };
		F480248E2BFC0AFC00503C2F /* NewsTableViewCell.xib in Resources */ = {isa = PBXBuildFile; fileRef = F48024892BFC0AFC00503C2F /* NewsTableViewCell.xib */; };
		F480248F2BFC0AFC00503C2F /* NewsTableViewCell.xib in Resources */ = {isa = PBXBuildFile; fileRef = F48024892BFC0AFC00503C2F /* NewsTableViewCell.xib */; };
		F480249A2BFC186E00503C2F /* NewsRepository.swift in Sources */ = {isa = PBXBuildFile; fileRef = F48024992BFC186E00503C2F /* NewsRepository.swift */; };
		F480249B2BFC186E00503C2F /* NewsRepository.swift in Sources */ = {isa = PBXBuildFile; fileRef = F48024992BFC186E00503C2F /* NewsRepository.swift */; };
		F480249C2BFC186E00503C2F /* NewsRepository.swift in Sources */ = {isa = PBXBuildFile; fileRef = F48024992BFC186E00503C2F /* NewsRepository.swift */; };
		F480249E2BFC1B7300503C2F /* NetworkManager.swift in Sources */ = {isa = PBXBuildFile; fileRef = F480249D2BFC1B7300503C2F /* NetworkManager.swift */; };
		F480249F2BFC1B7300503C2F /* NetworkManager.swift in Sources */ = {isa = PBXBuildFile; fileRef = F480249D2BFC1B7300503C2F /* NetworkManager.swift */; };
		F48024A02BFC1B7300503C2F /* NetworkManager.swift in Sources */ = {isa = PBXBuildFile; fileRef = F480249D2BFC1B7300503C2F /* NetworkManager.swift */; };
		F49E75AA2BFD02E1008A7668 /* NewsDetailViewController.swift in Sources */ = {isa = PBXBuildFile; fileRef = F49E75A82BFD02E1008A7668 /* NewsDetailViewController.swift */; };
		F49E75AB2BFD02E1008A7668 /* NewsDetailViewController.swift in Sources */ = {isa = PBXBuildFile; fileRef = F49E75A82BFD02E1008A7668 /* NewsDetailViewController.swift */; };
		F49E75AC2BFD02E1008A7668 /* NewsDetailViewController.swift in Sources */ = {isa = PBXBuildFile; fileRef = F49E75A82BFD02E1008A7668 /* NewsDetailViewController.swift */; };
		F49E75AD2BFD02E1008A7668 /* NewsDetailViewController.xib in Resources */ = {isa = PBXBuildFile; fileRef = F49E75A92BFD02E1008A7668 /* NewsDetailViewController.xib */; };
		F49E75AE2BFD02E1008A7668 /* NewsDetailViewController.xib in Resources */ = {isa = PBXBuildFile; fileRef = F49E75A92BFD02E1008A7668 /* NewsDetailViewController.xib */; };
		F49E75AF2BFD02E1008A7668 /* NewsDetailViewController.xib in Resources */ = {isa = PBXBuildFile; fileRef = F49E75A92BFD02E1008A7668 /* NewsDetailViewController.xib */; };
/* End PBXBuildFile section */

/* Begin PBXContainerItemProxy section */
		F41792F42BFAD229002F910A /* PBXContainerItemProxy */ = {
			isa = PBXContainerItemProxy;
			containerPortal = F41792D52BFAD227002F910A /* Project object */;
			proxyType = 1;
			remoteGlobalIDString = F41792DC2BFAD227002F910A;
			remoteInfo = ConexNews;
		};
		F41792FE2BFAD229002F910A /* PBXContainerItemProxy */ = {
			isa = PBXContainerItemProxy;
			containerPortal = F41792D52BFAD227002F910A /* Project object */;
			proxyType = 1;
			remoteGlobalIDString = F41792DC2BFAD227002F910A;
			remoteInfo = ConexNews;
		};
/* End PBXContainerItemProxy section */

/* Begin PBXFileReference section */
		31E8F78F77A2C70FF898F6E6 /* Pods-ConexNews-ConexNewsUITests.debug.xcconfig */ = {isa = PBXFileReference; includeInIndex = 1; lastKnownFileType = text.xcconfig; name = "Pods-ConexNews-ConexNewsUITests.debug.xcconfig"; path = "Target Support Files/Pods-ConexNews-ConexNewsUITests/Pods-ConexNews-ConexNewsUITests.debug.xcconfig"; sourceTree = "<group>"; };
		368CB8B758FA94CA62E090FE /* Pods-ConexNews.debug.xcconfig */ = {isa = PBXFileReference; includeInIndex = 1; lastKnownFileType = text.xcconfig; name = "Pods-ConexNews.debug.xcconfig"; path = "Target Support Files/Pods-ConexNews/Pods-ConexNews.debug.xcconfig"; sourceTree = "<group>"; };
		508DC69B1FBB996D2E208D45 /* Pods_ConexNews_ConexNewsUITests.framework */ = {isa = PBXFileReference; explicitFileType = wrapper.framework; includeInIndex = 0; path = Pods_ConexNews_ConexNewsUITests.framework; sourceTree = BUILT_PRODUCTS_DIR; };
		6C0E64594332A3989EF6BD94 /* Pods_ConexNews.framework */ = {isa = PBXFileReference; explicitFileType = wrapper.framework; includeInIndex = 0; path = Pods_ConexNews.framework; sourceTree = BUILT_PRODUCTS_DIR; };
		6F3BB4FF7E85787FE8A39109 /* Pods-ConexNewsTests.release.xcconfig */ = {isa = PBXFileReference; includeInIndex = 1; lastKnownFileType = text.xcconfig; name = "Pods-ConexNewsTests.release.xcconfig"; path = "Target Support Files/Pods-ConexNewsTests/Pods-ConexNewsTests.release.xcconfig"; sourceTree = "<group>"; };
		719FFD5D18FEE870510DC3EC /* Pods-ConexNewsTests.debug.xcconfig */ = {isa = PBXFileReference; includeInIndex = 1; lastKnownFileType = text.xcconfig; name = "Pods-ConexNewsTests.debug.xcconfig"; path = "Target Support Files/Pods-ConexNewsTests/Pods-ConexNewsTests.debug.xcconfig"; sourceTree = "<group>"; };
		7CB1EB1AA0470E6778298023 /* Pods-ConexNews.release.xcconfig */ = {isa = PBXFileReference; includeInIndex = 1; lastKnownFileType = text.xcconfig; name = "Pods-ConexNews.release.xcconfig"; path = "Target Support Files/Pods-ConexNews/Pods-ConexNews.release.xcconfig"; sourceTree = "<group>"; };
		A0F6BAC79729BA012C67D7CE /* Pods_ConexNewsTests.framework */ = {isa = PBXFileReference; explicitFileType = wrapper.framework; includeInIndex = 0; path = Pods_ConexNewsTests.framework; sourceTree = BUILT_PRODUCTS_DIR; };
		E1F6B8B19C7F31D7542B1D09 /* Pods-ConexNews-ConexNewsUITests.release.xcconfig */ = {isa = PBXFileReference; includeInIndex = 1; lastKnownFileType = text.xcconfig; name = "Pods-ConexNews-ConexNewsUITests.release.xcconfig"; path = "Target Support Files/Pods-ConexNews-ConexNewsUITests/Pods-ConexNews-ConexNewsUITests.release.xcconfig"; sourceTree = "<group>"; };
		F41792DD2BFAD227002F910A /* ConexNews.app */ = {isa = PBXFileReference; explicitFileType = wrapper.application; includeInIndex = 0; path = ConexNews.app; sourceTree = BUILT_PRODUCTS_DIR; };
		F41792E02BFAD227002F910A /* AppDelegate.swift */ = {isa = PBXFileReference; lastKnownFileType = sourcecode.swift; path = AppDelegate.swift; sourceTree = "<group>"; };
		F41792E22BFAD227002F910A /* SceneDelegate.swift */ = {isa = PBXFileReference; lastKnownFileType = sourcecode.swift; path = SceneDelegate.swift; sourceTree = "<group>"; };
		F41792E42BFAD227002F910A /* ViewController.swift */ = {isa = PBXFileReference; lastKnownFileType = sourcecode.swift; path = ViewController.swift; sourceTree = "<group>"; };
		F41792E72BFAD227002F910A /* Base */ = {isa = PBXFileReference; lastKnownFileType = file.storyboard; name = Base; path = Base.lproj/Main.storyboard; sourceTree = "<group>"; };
		F41792E92BFAD229002F910A /* Assets.xcassets */ = {isa = PBXFileReference; lastKnownFileType = folder.assetcatalog; path = Assets.xcassets; sourceTree = "<group>"; };
		F41792EC2BFAD229002F910A /* Base */ = {isa = PBXFileReference; lastKnownFileType = file.storyboard; name = Base; path = Base.lproj/LaunchScreen.storyboard; sourceTree = "<group>"; };
		F41792EE2BFAD229002F910A /* Info.plist */ = {isa = PBXFileReference; lastKnownFileType = text.plist.xml; path = Info.plist; sourceTree = "<group>"; };
		F41792F32BFAD229002F910A /* ConexNewsTests.xctest */ = {isa = PBXFileReference; explicitFileType = wrapper.cfbundle; includeInIndex = 0; path = ConexNewsTests.xctest; sourceTree = BUILT_PRODUCTS_DIR; };
		F41792F72BFAD229002F910A /* ConexNewsTests.swift */ = {isa = PBXFileReference; lastKnownFileType = sourcecode.swift; path = ConexNewsTests.swift; sourceTree = "<group>"; };
		F41792FD2BFAD229002F910A /* ConexNewsUITests.xctest */ = {isa = PBXFileReference; explicitFileType = wrapper.cfbundle; includeInIndex = 0; path = ConexNewsUITests.xctest; sourceTree = BUILT_PRODUCTS_DIR; };
		F41793012BFAD229002F910A /* ConexNewsUITests.swift */ = {isa = PBXFileReference; lastKnownFileType = sourcecode.swift; path = ConexNewsUITests.swift; sourceTree = "<group>"; };
		F41793032BFAD229002F910A /* ConexNewsUITestsLaunchTests.swift */ = {isa = PBXFileReference; lastKnownFileType = sourcecode.swift; path = ConexNewsUITestsLaunchTests.swift; sourceTree = "<group>"; };
		F41793162BFADA3A002F910A /* TabBarViewController.swift */ = {isa = PBXFileReference; lastKnownFileType = sourcecode.swift; path = TabBarViewController.swift; sourceTree = "<group>"; };
		F41793172BFADA3A002F910A /* TabBarViewController.xib */ = {isa = PBXFileReference; lastKnownFileType = file.xib; path = TabBarViewController.xib; sourceTree = "<group>"; };
		F41793232BFADE5E002F910A /* UsersViewController.swift */ = {isa = PBXFileReference; lastKnownFileType = sourcecode.swift; path = UsersViewController.swift; sourceTree = "<group>"; };
		F41793242BFADE5E002F910A /* UsersViewController.xib */ = {isa = PBXFileReference; lastKnownFileType = file.xib; path = UsersViewController.xib; sourceTree = "<group>"; };
		F417932E2BFADEA2002F910A /* NewsViewController.swift */ = {isa = PBXFileReference; lastKnownFileType = sourcecode.swift; path = NewsViewController.swift; sourceTree = "<group>"; };
		F417932F2BFADEA2002F910A /* NewsViewController.xib */ = {isa = PBXFileReference; lastKnownFileType = file.xib; path = NewsViewController.xib; sourceTree = "<group>"; };
		F41793362BFAE83D002F910A /* UsersViewModel.swift */ = {isa = PBXFileReference; lastKnownFileType = sourcecode.swift; path = UsersViewModel.swift; sourceTree = "<group>"; };
		F417933A2BFAE84E002F910A /* NewsViewModel.swift */ = {isa = PBXFileReference; lastKnownFileType = sourcecode.swift; path = NewsViewModel.swift; sourceTree = "<group>"; };
		F41793462BFAE8A0002F910A /* NewsModel.swift */ = {isa = PBXFileReference; lastKnownFileType = sourcecode.swift; path = NewsModel.swift; sourceTree = "<group>"; };
		F417934A2BFAE8B9002F910A /* UsersModel.swift */ = {isa = PBXFileReference; lastKnownFileType = sourcecode.swift; path = UsersModel.swift; sourceTree = "<group>"; };
		F48024882BFC0AFC00503C2F /* NewsTableViewCell.swift */ = {isa = PBXFileReference; lastKnownFileType = sourcecode.swift; path = NewsTableViewCell.swift; sourceTree = "<group>"; };
		F48024892BFC0AFC00503C2F /* NewsTableViewCell.xib */ = {isa = PBXFileReference; lastKnownFileType = file.xib; path = NewsTableViewCell.xib; sourceTree = "<group>"; };
		F48024992BFC186E00503C2F /* NewsRepository.swift */ = {isa = PBXFileReference; lastKnownFileType = sourcecode.swift; path = NewsRepository.swift; sourceTree = "<group>"; };
		F480249D2BFC1B7300503C2F /* NetworkManager.swift */ = {isa = PBXFileReference; lastKnownFileType = sourcecode.swift; path = NetworkManager.swift; sourceTree = "<group>"; };
		F49E75A82BFD02E1008A7668 /* NewsDetailViewController.swift */ = {isa = PBXFileReference; lastKnownFileType = sourcecode.swift; path = NewsDetailViewController.swift; sourceTree = "<group>"; };
		F49E75A92BFD02E1008A7668 /* NewsDetailViewController.xib */ = {isa = PBXFileReference; lastKnownFileType = file.xib; path = NewsDetailViewController.xib; sourceTree = "<group>"; };
/* End PBXFileReference section */

/* Begin PBXFrameworksBuildPhase section */
		F41792DA2BFAD227002F910A /* Frameworks */ = {
			isa = PBXFrameworksBuildPhase;
			buildActionMask = 2147483647;
			files = (
				B9D036350623B6BE13A14C71 /* Pods_ConexNews.framework in Frameworks */,
			);
			runOnlyForDeploymentPostprocessing = 0;
		};
		F41792F02BFAD229002F910A /* Frameworks */ = {
			isa = PBXFrameworksBuildPhase;
			buildActionMask = 2147483647;
			files = (
				8215CD5E87B1031DEE4E38F4 /* Pods_ConexNewsTests.framework in Frameworks */,
			);
			runOnlyForDeploymentPostprocessing = 0;
		};
		F41792FA2BFAD229002F910A /* Frameworks */ = {
			isa = PBXFrameworksBuildPhase;
			buildActionMask = 2147483647;
			files = (
				6B82E76EA69182EB87397A02 /* Pods_ConexNews_ConexNewsUITests.framework in Frameworks */,
			);
			runOnlyForDeploymentPostprocessing = 0;
		};
/* End PBXFrameworksBuildPhase section */

/* Begin PBXGroup section */
		3BFCB910DCD3DDDE24936382 /* Pods */ = {
			isa = PBXGroup;
			children = (
				368CB8B758FA94CA62E090FE /* Pods-ConexNews.debug.xcconfig */,
				7CB1EB1AA0470E6778298023 /* Pods-ConexNews.release.xcconfig */,
				31E8F78F77A2C70FF898F6E6 /* Pods-ConexNews-ConexNewsUITests.debug.xcconfig */,
				E1F6B8B19C7F31D7542B1D09 /* Pods-ConexNews-ConexNewsUITests.release.xcconfig */,
				719FFD5D18FEE870510DC3EC /* Pods-ConexNewsTests.debug.xcconfig */,
				6F3BB4FF7E85787FE8A39109 /* Pods-ConexNewsTests.release.xcconfig */,
			);
			path = Pods;
			sourceTree = "<group>";
		};
		F41792D42BFAD227002F910A = {
			isa = PBXGroup;
			children = (
				F41792DF2BFAD227002F910A /* ConexNews */,
				F41792F62BFAD229002F910A /* ConexNewsTests */,
				F41793002BFAD229002F910A /* ConexNewsUITests */,
				F41792DE2BFAD227002F910A /* Products */,
				3BFCB910DCD3DDDE24936382 /* Pods */,
				F82677CD9795F0B46A1D2C1A /* Frameworks */,
			);
			sourceTree = "<group>";
		};
		F41792DE2BFAD227002F910A /* Products */ = {
			isa = PBXGroup;
			children = (
				F41792DD2BFAD227002F910A /* ConexNews.app */,
				F41792F32BFAD229002F910A /* ConexNewsTests.xctest */,
				F41792FD2BFAD229002F910A /* ConexNewsUITests.xctest */,
			);
			name = Products;
			sourceTree = "<group>";
		};
		F41792DF2BFAD227002F910A /* ConexNews */ = {
			isa = PBXGroup;
			children = (
				F48024902BFC173500503C2F /* Networking */,
				F417931E2BFADDD8002F910A /* News */,
				F417931F2BFADDDD002F910A /* Users */,
				F41793102BFAD8FA002F910A /* TabBar */,
				F41792E02BFAD227002F910A /* AppDelegate.swift */,
				F41792E22BFAD227002F910A /* SceneDelegate.swift */,
				F41792E42BFAD227002F910A /* ViewController.swift */,
				F41792E62BFAD227002F910A /* Main.storyboard */,
				F41792E92BFAD229002F910A /* Assets.xcassets */,
				F41792EB2BFAD229002F910A /* LaunchScreen.storyboard */,
				F41792EE2BFAD229002F910A /* Info.plist */,
			);
			path = ConexNews;
			sourceTree = "<group>";
		};
		F41792F62BFAD229002F910A /* ConexNewsTests */ = {
			isa = PBXGroup;
			children = (
				F41792F72BFAD229002F910A /* ConexNewsTests.swift */,
			);
			path = ConexNewsTests;
			sourceTree = "<group>";
		};
		F41793002BFAD229002F910A /* ConexNewsUITests */ = {
			isa = PBXGroup;
			children = (
				F41793012BFAD229002F910A /* ConexNewsUITests.swift */,
				F41793032BFAD229002F910A /* ConexNewsUITestsLaunchTests.swift */,
			);
			path = ConexNewsUITests;
			sourceTree = "<group>";
		};
		F41793102BFAD8FA002F910A /* TabBar */ = {
			isa = PBXGroup;
			children = (
				F41793162BFADA3A002F910A /* TabBarViewController.swift */,
				F41793172BFADA3A002F910A /* TabBarViewController.xib */,
			);
			path = TabBar;
			sourceTree = "<group>";
		};
		F417931E2BFADDD8002F910A /* News */ = {
			isa = PBXGroup;
			children = (
				F417932B2BFADE73002F910A /* View */,
				F417932C2BFADE7A002F910A /* Model */,
				F417932D2BFADE83002F910A /* ViewModel */,
			);
			path = News;
			sourceTree = "<group>";
		};
		F417931F2BFADDDD002F910A /* Users */ = {
			isa = PBXGroup;
			children = (
				F41793202BFADE14002F910A /* View */,
				F41793212BFADE1D002F910A /* Model */,
				F41793222BFADE23002F910A /* ViewModel */,
			);
			path = Users;
			sourceTree = "<group>";
		};
		F41793202BFADE14002F910A /* View */ = {
			isa = PBXGroup;
			children = (
				F41793232BFADE5E002F910A /* UsersViewController.swift */,
				F41793242BFADE5E002F910A /* UsersViewController.xib */,
			);
			path = View;
			sourceTree = "<group>";
		};
		F41793212BFADE1D002F910A /* Model */ = {
			isa = PBXGroup;
			children = (
				F417934A2BFAE8B9002F910A /* UsersModel.swift */,
			);
			path = Model;
			sourceTree = "<group>";
		};
		F41793222BFADE23002F910A /* ViewModel */ = {
			isa = PBXGroup;
			children = (
				F41793362BFAE83D002F910A /* UsersViewModel.swift */,
			);
			path = ViewModel;
			sourceTree = "<group>";
		};
		F417932B2BFADE73002F910A /* View */ = {
			isa = PBXGroup;
			children = (
				F49E75A72BFD02CB008A7668 /* NewsDetail */,
				F48024872BFC0AD600503C2F /* NewsCell */,
				F417932E2BFADEA2002F910A /* NewsViewController.swift */,
				F417932F2BFADEA2002F910A /* NewsViewController.xib */,
			);
			path = View;
			sourceTree = "<group>";
		};
		F417932C2BFADE7A002F910A /* Model */ = {
			isa = PBXGroup;
			children = (
				F41793462BFAE8A0002F910A /* NewsModel.swift */,
			);
			path = Model;
			sourceTree = "<group>";
		};
		F417932D2BFADE83002F910A /* ViewModel */ = {
			isa = PBXGroup;
			children = (
				F417933A2BFAE84E002F910A /* NewsViewModel.swift */,
			);
			path = ViewModel;
			sourceTree = "<group>";
		};
		F48024872BFC0AD600503C2F /* NewsCell */ = {
			isa = PBXGroup;
			children = (
				F48024882BFC0AFC00503C2F /* NewsTableViewCell.swift */,
				F48024892BFC0AFC00503C2F /* NewsTableViewCell.xib */,
			);
			path = NewsCell;
			sourceTree = "<group>";
		};
		F48024902BFC173500503C2F /* Networking */ = {
			isa = PBXGroup;
			children = (
				F48024992BFC186E00503C2F /* NewsRepository.swift */,
				F480249D2BFC1B7300503C2F /* NetworkManager.swift */,
			);
			path = Networking;
			sourceTree = "<group>";
		};
		F49E75A72BFD02CB008A7668 /* NewsDetail */ = {
			isa = PBXGroup;
			children = (
				F49E75A82BFD02E1008A7668 /* NewsDetailViewController.swift */,
				F49E75A92BFD02E1008A7668 /* NewsDetailViewController.xib */,
			);
			path = NewsDetail;
			sourceTree = "<group>";
		};
		F82677CD9795F0B46A1D2C1A /* Frameworks */ = {
			isa = PBXGroup;
			children = (
				6C0E64594332A3989EF6BD94 /* Pods_ConexNews.framework */,
				508DC69B1FBB996D2E208D45 /* Pods_ConexNews_ConexNewsUITests.framework */,
				A0F6BAC79729BA012C67D7CE /* Pods_ConexNewsTests.framework */,
			);
			name = Frameworks;
			sourceTree = "<group>";
		};
/* End PBXGroup section */

/* Begin PBXNativeTarget section */
		F41792DC2BFAD227002F910A /* ConexNews */ = {
			isa = PBXNativeTarget;
			buildConfigurationList = F41793072BFAD229002F910A /* Build configuration list for PBXNativeTarget "ConexNews" */;
			buildPhases = (
				FF819B598A3CAC4484FFE30A /* [CP] Check Pods Manifest.lock */,
				F41792D92BFAD227002F910A /* Sources */,
				F41792DA2BFAD227002F910A /* Frameworks */,
				F41792DB2BFAD227002F910A /* Resources */,
				6ADDABF49AC85F8A4CA6D0F5 /* [CP] Embed Pods Frameworks */,
			);
			buildRules = (
			);
			dependencies = (
			);
			name = ConexNews;
			productName = ConexNews;
			productReference = F41792DD2BFAD227002F910A /* ConexNews.app */;
			productType = "com.apple.product-type.application";
		};
		F41792F22BFAD229002F910A /* ConexNewsTests */ = {
			isa = PBXNativeTarget;
			buildConfigurationList = F417930A2BFAD229002F910A /* Build configuration list for PBXNativeTarget "ConexNewsTests" */;
			buildPhases = (
				3A745D1D3BFB8ED3D51742FC /* [CP] Check Pods Manifest.lock */,
				F41792EF2BFAD229002F910A /* Sources */,
				F41792F02BFAD229002F910A /* Frameworks */,
				F41792F12BFAD229002F910A /* Resources */,
			);
			buildRules = (
			);
			dependencies = (
				F41792F52BFAD229002F910A /* PBXTargetDependency */,
			);
			name = ConexNewsTests;
			productName = ConexNewsTests;
			productReference = F41792F32BFAD229002F910A /* ConexNewsTests.xctest */;
			productType = "com.apple.product-type.bundle.unit-test";
		};
		F41792FC2BFAD229002F910A /* ConexNewsUITests */ = {
			isa = PBXNativeTarget;
			buildConfigurationList = F417930D2BFAD229002F910A /* Build configuration list for PBXNativeTarget "ConexNewsUITests" */;
			buildPhases = (
				7592BE64AC97FEC9759EF666 /* [CP] Check Pods Manifest.lock */,
				F41792F92BFAD229002F910A /* Sources */,
				F41792FA2BFAD229002F910A /* Frameworks */,
				F41792FB2BFAD229002F910A /* Resources */,
				1E0103E3E13DA27B7E0CF772 /* [CP] Embed Pods Frameworks */,
			);
			buildRules = (
			);
			dependencies = (
				F41792FF2BFAD229002F910A /* PBXTargetDependency */,
			);
			name = ConexNewsUITests;
			productName = ConexNewsUITests;
			productReference = F41792FD2BFAD229002F910A /* ConexNewsUITests.xctest */;
			productType = "com.apple.product-type.bundle.ui-testing";
		};
/* End PBXNativeTarget section */

/* Begin PBXProject section */
		F41792D52BFAD227002F910A /* Project object */ = {
			isa = PBXProject;
			attributes = {
				BuildIndependentTargetsInParallel = 1;
				LastSwiftUpdateCheck = 1520;
				LastUpgradeCheck = 1520;
				TargetAttributes = {
					F41792DC2BFAD227002F910A = {
						CreatedOnToolsVersion = 15.2;
					};
					F41792F22BFAD229002F910A = {
						CreatedOnToolsVersion = 15.2;
						TestTargetID = F41792DC2BFAD227002F910A;
					};
					F41792FC2BFAD229002F910A = {
						CreatedOnToolsVersion = 15.2;
						TestTargetID = F41792DC2BFAD227002F910A;
					};
				};
			};
			buildConfigurationList = F41792D82BFAD227002F910A /* Build configuration list for PBXProject "ConexNews" */;
			compatibilityVersion = "Xcode 14.0";
			developmentRegion = en;
			hasScannedForEncodings = 0;
			knownRegions = (
				en,
				Base,
			);
			mainGroup = F41792D42BFAD227002F910A;
			productRefGroup = F41792DE2BFAD227002F910A /* Products */;
			projectDirPath = "";
			projectRoot = "";
			targets = (
				F41792DC2BFAD227002F910A /* ConexNews */,
				F41792F22BFAD229002F910A /* ConexNewsTests */,
				F41792FC2BFAD229002F910A /* ConexNewsUITests */,
			);
		};
/* End PBXProject section */

/* Begin PBXResourcesBuildPhase section */
		F41792DB2BFAD227002F910A /* Resources */ = {
			isa = PBXResourcesBuildPhase;
			buildActionMask = 2147483647;
			files = (
				F41793282BFADE5E002F910A /* UsersViewController.xib in Resources */,
				F417931B2BFADA3A002F910A /* TabBarViewController.xib in Resources */,
				F41792ED2BFAD229002F910A /* LaunchScreen.storyboard in Resources */,
				F480248D2BFC0AFC00503C2F /* NewsTableViewCell.xib in Resources */,
				F49E75AD2BFD02E1008A7668 /* NewsDetailViewController.xib in Resources */,
				F41792EA2BFAD229002F910A /* Assets.xcassets in Resources */,
				F41792E82BFAD227002F910A /* Main.storyboard in Resources */,
				F41793332BFADEA2002F910A /* NewsViewController.xib in Resources */,
			);
			runOnlyForDeploymentPostprocessing = 0;
		};
		F41792F12BFAD229002F910A /* Resources */ = {
			isa = PBXResourcesBuildPhase;
			buildActionMask = 2147483647;
			files = (
				F417931C2BFADA3A002F910A /* TabBarViewController.xib in Resources */,
				F49E75AE2BFD02E1008A7668 /* NewsDetailViewController.xib in Resources */,
				F41793292BFADE5E002F910A /* UsersViewController.xib in Resources */,
				F480248E2BFC0AFC00503C2F /* NewsTableViewCell.xib in Resources */,
				F41793342BFADEA2002F910A /* NewsViewController.xib in Resources */,
			);
			runOnlyForDeploymentPostprocessing = 0;
		};
		F41792FB2BFAD229002F910A /* Resources */ = {
			isa = PBXResourcesBuildPhase;
			buildActionMask = 2147483647;
			files = (
				F417931D2BFADA3A002F910A /* TabBarViewController.xib in Resources */,
				F49E75AF2BFD02E1008A7668 /* NewsDetailViewController.xib in Resources */,
				F417932A2BFADE5E002F910A /* UsersViewController.xib in Resources */,
				F480248F2BFC0AFC00503C2F /* NewsTableViewCell.xib in Resources */,
				F41793352BFADEA2002F910A /* NewsViewController.xib in Resources */,
			);
			runOnlyForDeploymentPostprocessing = 0;
		};
/* End PBXResourcesBuildPhase section */

/* Begin PBXShellScriptBuildPhase section */
		1E0103E3E13DA27B7E0CF772 /* [CP] Embed Pods Frameworks */ = {
			isa = PBXShellScriptBuildPhase;
			buildActionMask = 2147483647;
			files = (
			);
			inputFileListPaths = (
				"${PODS_ROOT}/Target Support Files/Pods-ConexNews-ConexNewsUITests/Pods-ConexNews-ConexNewsUITests-frameworks-${CONFIGURATION}-input-files.xcfilelist",
			);
			name = "[CP] Embed Pods Frameworks";
			outputFileListPaths = (
				"${PODS_ROOT}/Target Support Files/Pods-ConexNews-ConexNewsUITests/Pods-ConexNews-ConexNewsUITests-frameworks-${CONFIGURATION}-output-files.xcfilelist",
			);
			runOnlyForDeploymentPostprocessing = 0;
			shellPath = /bin/sh;
			shellScript = "\"${PODS_ROOT}/Target Support Files/Pods-ConexNews-ConexNewsUITests/Pods-ConexNews-ConexNewsUITests-frameworks.sh\"\n";
			showEnvVarsInLog = 0;
		};
		3A745D1D3BFB8ED3D51742FC /* [CP] Check Pods Manifest.lock */ = {
			isa = PBXShellScriptBuildPhase;
			buildActionMask = 2147483647;
			files = (
			);
			inputFileListPaths = (
			);
			inputPaths = (
				"${PODS_PODFILE_DIR_PATH}/Podfile.lock",
				"${PODS_ROOT}/Manifest.lock",
			);
			name = "[CP] Check Pods Manifest.lock";
			outputFileListPaths = (
			);
			outputPaths = (
				"$(DERIVED_FILE_DIR)/Pods-ConexNewsTests-checkManifestLockResult.txt",
			);
			runOnlyForDeploymentPostprocessing = 0;
			shellPath = /bin/sh;
			shellScript = "diff \"${PODS_PODFILE_DIR_PATH}/Podfile.lock\" \"${PODS_ROOT}/Manifest.lock\" > /dev/null\nif [ $? != 0 ] ; then\n    # print error to STDERR\n    echo \"error: The sandbox is not in sync with the Podfile.lock. Run 'pod install' or update your CocoaPods installation.\" >&2\n    exit 1\nfi\n# This output is used by Xcode 'outputs' to avoid re-running this script phase.\necho \"SUCCESS\" > \"${SCRIPT_OUTPUT_FILE_0}\"\n";
			showEnvVarsInLog = 0;
		};
		6ADDABF49AC85F8A4CA6D0F5 /* [CP] Embed Pods Frameworks */ = {
			isa = PBXShellScriptBuildPhase;
			buildActionMask = 2147483647;
			files = (
			);
			inputFileListPaths = (
				"${PODS_ROOT}/Target Support Files/Pods-ConexNews/Pods-ConexNews-frameworks-${CONFIGURATION}-input-files.xcfilelist",
			);
			name = "[CP] Embed Pods Frameworks";
			outputFileListPaths = (
				"${PODS_ROOT}/Target Support Files/Pods-ConexNews/Pods-ConexNews-frameworks-${CONFIGURATION}-output-files.xcfilelist",
			);
			runOnlyForDeploymentPostprocessing = 0;
			shellPath = /bin/sh;
			shellScript = "\"${PODS_ROOT}/Target Support Files/Pods-ConexNews/Pods-ConexNews-frameworks.sh\"\n";
			showEnvVarsInLog = 0;
		};
		7592BE64AC97FEC9759EF666 /* [CP] Check Pods Manifest.lock */ = {
			isa = PBXShellScriptBuildPhase;
			buildActionMask = 2147483647;
			files = (
			);
			inputFileListPaths = (
			);
			inputPaths = (
				"${PODS_PODFILE_DIR_PATH}/Podfile.lock",
				"${PODS_ROOT}/Manifest.lock",
			);
			name = "[CP] Check Pods Manifest.lock";
			outputFileListPaths = (
			);
			outputPaths = (
				"$(DERIVED_FILE_DIR)/Pods-ConexNews-ConexNewsUITests-checkManifestLockResult.txt",
			);
			runOnlyForDeploymentPostprocessing = 0;
			shellPath = /bin/sh;
			shellScript = "diff \"${PODS_PODFILE_DIR_PATH}/Podfile.lock\" \"${PODS_ROOT}/Manifest.lock\" > /dev/null\nif [ $? != 0 ] ; then\n    # print error to STDERR\n    echo \"error: The sandbox is not in sync with the Podfile.lock. Run 'pod install' or update your CocoaPods installation.\" >&2\n    exit 1\nfi\n# This output is used by Xcode 'outputs' to avoid re-running this script phase.\necho \"SUCCESS\" > \"${SCRIPT_OUTPUT_FILE_0}\"\n";
			showEnvVarsInLog = 0;
		};
		FF819B598A3CAC4484FFE30A /* [CP] Check Pods Manifest.lock */ = {
			isa = PBXShellScriptBuildPhase;
			buildActionMask = 2147483647;
			files = (
			);
			inputFileListPaths = (
			);
			inputPaths = (
				"${PODS_PODFILE_DIR_PATH}/Podfile.lock",
				"${PODS_ROOT}/Manifest.lock",
			);
			name = "[CP] Check Pods Manifest.lock";
			outputFileListPaths = (
			);
			outputPaths = (
				"$(DERIVED_FILE_DIR)/Pods-ConexNews-checkManifestLockResult.txt",
			);
			runOnlyForDeploymentPostprocessing = 0;
			shellPath = /bin/sh;
			shellScript = "diff \"${PODS_PODFILE_DIR_PATH}/Podfile.lock\" \"${PODS_ROOT}/Manifest.lock\" > /dev/null\nif [ $? != 0 ] ; then\n    # print error to STDERR\n    echo \"error: The sandbox is not in sync with the Podfile.lock. Run 'pod install' or update your CocoaPods installation.\" >&2\n    exit 1\nfi\n# This output is used by Xcode 'outputs' to avoid re-running this script phase.\necho \"SUCCESS\" > \"${SCRIPT_OUTPUT_FILE_0}\"\n";
			showEnvVarsInLog = 0;
		};
/* End PBXShellScriptBuildPhase section */

/* Begin PBXSourcesBuildPhase section */
		F41792D92BFAD227002F910A /* Sources */ = {
			isa = PBXSourcesBuildPhase;
			buildActionMask = 2147483647;
			files = (
				F41793182BFADA3A002F910A /* TabBarViewController.swift in Sources */,
				F480248A2BFC0AFC00503C2F /* NewsTableViewCell.swift in Sources */,
				F41793372BFAE83D002F910A /* UsersViewModel.swift in Sources */,
				F480249E2BFC1B7300503C2F /* NetworkManager.swift in Sources */,
				F41792E52BFAD227002F910A /* ViewController.swift in Sources */,
				F41793472BFAE8A0002F910A /* NewsModel.swift in Sources */,
				F41793252BFADE5E002F910A /* UsersViewController.swift in Sources */,
				F480249A2BFC186E00503C2F /* NewsRepository.swift in Sources */,
				F41793302BFADEA2002F910A /* NewsViewController.swift in Sources */,
				F41792E12BFAD227002F910A /* AppDelegate.swift in Sources */,
				F49E75AA2BFD02E1008A7668 /* NewsDetailViewController.swift in Sources */,
				F41792E32BFAD227002F910A /* SceneDelegate.swift in Sources */,
				F417934B2BFAE8B9002F910A /* UsersModel.swift in Sources */,
				F417933B2BFAE84E002F910A /* NewsViewModel.swift in Sources */,
			);
			runOnlyForDeploymentPostprocessing = 0;
		};
		F41792EF2BFAD229002F910A /* Sources */ = {
			isa = PBXSourcesBuildPhase;
			buildActionMask = 2147483647;
			files = (
				F49E75AB2BFD02E1008A7668 /* NewsDetailViewController.swift in Sources */,
				F480249B2BFC186E00503C2F /* NewsRepository.swift in Sources */,
				F41793482BFAE8A0002F910A /* NewsModel.swift in Sources */,
				F41793192BFADA3A002F910A /* TabBarViewController.swift in Sources */,
				F417933C2BFAE84E002F910A /* NewsViewModel.swift in Sources */,
				F480249F2BFC1B7300503C2F /* NetworkManager.swift in Sources */,
				F41793262BFADE5E002F910A /* UsersViewController.swift in Sources */,
				F41792F82BFAD229002F910A /* ConexNewsTests.swift in Sources */,
				F41793312BFADEA2002F910A /* NewsViewController.swift in Sources */,
				F417934C2BFAE8B9002F910A /* UsersModel.swift in Sources */,
				F41793382BFAE83D002F910A /* UsersViewModel.swift in Sources */,
				F480248B2BFC0AFC00503C2F /* NewsTableViewCell.swift in Sources */,
			);
			runOnlyForDeploymentPostprocessing = 0;
		};
		F41792F92BFAD229002F910A /* Sources */ = {
			isa = PBXSourcesBuildPhase;
			buildActionMask = 2147483647;
			files = (
				F48024A02BFC1B7300503C2F /* NetworkManager.swift in Sources */,
				F41793492BFAE8A0002F910A /* NewsModel.swift in Sources */,
				F41793022BFAD229002F910A /* ConexNewsUITests.swift in Sources */,
				F480248C2BFC0AFC00503C2F /* NewsTableViewCell.swift in Sources */,
				F41793392BFAE83D002F910A /* UsersViewModel.swift in Sources */,
				F41793272BFADE5E002F910A /* UsersViewController.swift in Sources */,
				F49E75AC2BFD02E1008A7668 /* NewsDetailViewController.swift in Sources */,
				F417931A2BFADA3A002F910A /* TabBarViewController.swift in Sources */,
				F417933D2BFAE84E002F910A /* NewsViewModel.swift in Sources */,
				F41793322BFADEA2002F910A /* NewsViewController.swift in Sources */,
				F41793042BFAD229002F910A /* ConexNewsUITestsLaunchTests.swift in Sources */,
				F417934D2BFAE8B9002F910A /* UsersModel.swift in Sources */,
				F480249C2BFC186E00503C2F /* NewsRepository.swift in Sources */,
			);
			runOnlyForDeploymentPostprocessing = 0;
		};
/* End PBXSourcesBuildPhase section */

/* Begin PBXTargetDependency section */
		F41792F52BFAD229002F910A /* PBXTargetDependency */ = {
			isa = PBXTargetDependency;
			target = F41792DC2BFAD227002F910A /* ConexNews */;
			targetProxy = F41792F42BFAD229002F910A /* PBXContainerItemProxy */;
		};
		F41792FF2BFAD229002F910A /* PBXTargetDependency */ = {
			isa = PBXTargetDependency;
			target = F41792DC2BFAD227002F910A /* ConexNews */;
			targetProxy = F41792FE2BFAD229002F910A /* PBXContainerItemProxy */;
		};
/* End PBXTargetDependency section */

/* Begin PBXVariantGroup section */
		F41792E62BFAD227002F910A /* Main.storyboard */ = {
			isa = PBXVariantGroup;
			children = (
				F41792E72BFAD227002F910A /* Base */,
			);
			name = Main.storyboard;
			sourceTree = "<group>";
		};
		F41792EB2BFAD229002F910A /* LaunchScreen.storyboard */ = {
			isa = PBXVariantGroup;
			children = (
				F41792EC2BFAD229002F910A /* Base */,
			);
			name = LaunchScreen.storyboard;
			sourceTree = "<group>";
		};
/* End PBXVariantGroup section */

/* Begin XCBuildConfiguration section */
		F41793052BFAD229002F910A /* Debug */ = {
			isa = XCBuildConfiguration;
			buildSettings = {
				ALWAYS_SEARCH_USER_PATHS = NO;
				ASSETCATALOG_COMPILER_GENERATE_SWIFT_ASSET_SYMBOL_EXTENSIONS = YES;
				CLANG_ANALYZER_NONNULL = YES;
				CLANG_ANALYZER_NUMBER_OBJECT_CONVERSION = YES_AGGRESSIVE;
				CLANG_CXX_LANGUAGE_STANDARD = "gnu++20";
				CLANG_ENABLE_MODULES = YES;
				CLANG_ENABLE_OBJC_ARC = YES;
				CLANG_ENABLE_OBJC_WEAK = YES;
				CLANG_WARN_BLOCK_CAPTURE_AUTORELEASING = YES;
				CLANG_WARN_BOOL_CONVERSION = YES;
				CLANG_WARN_COMMA = YES;
				CLANG_WARN_CONSTANT_CONVERSION = YES;
				CLANG_WARN_DEPRECATED_OBJC_IMPLEMENTATIONS = YES;
				CLANG_WARN_DIRECT_OBJC_ISA_USAGE = YES_ERROR;
				CLANG_WARN_DOCUMENTATION_COMMENTS = YES;
				CLANG_WARN_EMPTY_BODY = YES;
				CLANG_WARN_ENUM_CONVERSION = YES;
				CLANG_WARN_INFINITE_RECURSION = YES;
				CLANG_WARN_INT_CONVERSION = YES;
				CLANG_WARN_NON_LITERAL_NULL_CONVERSION = YES;
				CLANG_WARN_OBJC_IMPLICIT_RETAIN_SELF = YES;
				CLANG_WARN_OBJC_LITERAL_CONVERSION = YES;
				CLANG_WARN_OBJC_ROOT_CLASS = YES_ERROR;
				CLANG_WARN_QUOTED_INCLUDE_IN_FRAMEWORK_HEADER = YES;
				CLANG_WARN_RANGE_LOOP_ANALYSIS = YES;
				CLANG_WARN_STRICT_PROTOTYPES = YES;
				CLANG_WARN_SUSPICIOUS_MOVE = YES;
				CLANG_WARN_UNGUARDED_AVAILABILITY = YES_AGGRESSIVE;
				CLANG_WARN_UNREACHABLE_CODE = YES;
				CLANG_WARN__DUPLICATE_METHOD_MATCH = YES;
				COPY_PHASE_STRIP = NO;
				DEBUG_INFORMATION_FORMAT = dwarf;
				ENABLE_STRICT_OBJC_MSGSEND = YES;
				ENABLE_TESTABILITY = YES;
				ENABLE_USER_SCRIPT_SANDBOXING = YES;
				GCC_C_LANGUAGE_STANDARD = gnu17;
				GCC_DYNAMIC_NO_PIC = NO;
				GCC_NO_COMMON_BLOCKS = YES;
				GCC_OPTIMIZATION_LEVEL = 0;
				GCC_PREPROCESSOR_DEFINITIONS = (
					"DEBUG=1",
					"$(inherited)",
				);
				GCC_WARN_64_TO_32_BIT_CONVERSION = YES;
				GCC_WARN_ABOUT_RETURN_TYPE = YES_ERROR;
				GCC_WARN_UNDECLARED_SELECTOR = YES;
				GCC_WARN_UNINITIALIZED_AUTOS = YES_AGGRESSIVE;
				GCC_WARN_UNUSED_FUNCTION = YES;
				GCC_WARN_UNUSED_VARIABLE = YES;
				IPHONEOS_DEPLOYMENT_TARGET = 17.2;
				LOCALIZATION_PREFERS_STRING_CATALOGS = YES;
				MTL_ENABLE_DEBUG_INFO = INCLUDE_SOURCE;
				MTL_FAST_MATH = YES;
				ONLY_ACTIVE_ARCH = YES;
				SDKROOT = iphoneos;
				SWIFT_ACTIVE_COMPILATION_CONDITIONS = "DEBUG $(inherited)";
				SWIFT_OPTIMIZATION_LEVEL = "-Onone";
			};
			name = Debug;
		};
		F41793062BFAD229002F910A /* Release */ = {
			isa = XCBuildConfiguration;
			buildSettings = {
				ALWAYS_SEARCH_USER_PATHS = NO;
				ASSETCATALOG_COMPILER_GENERATE_SWIFT_ASSET_SYMBOL_EXTENSIONS = YES;
				CLANG_ANALYZER_NONNULL = YES;
				CLANG_ANALYZER_NUMBER_OBJECT_CONVERSION = YES_AGGRESSIVE;
				CLANG_CXX_LANGUAGE_STANDARD = "gnu++20";
				CLANG_ENABLE_MODULES = YES;
				CLANG_ENABLE_OBJC_ARC = YES;
				CLANG_ENABLE_OBJC_WEAK = YES;
				CLANG_WARN_BLOCK_CAPTURE_AUTORELEASING = YES;
				CLANG_WARN_BOOL_CONVERSION = YES;
				CLANG_WARN_COMMA = YES;
				CLANG_WARN_CONSTANT_CONVERSION = YES;
				CLANG_WARN_DEPRECATED_OBJC_IMPLEMENTATIONS = YES;
				CLANG_WARN_DIRECT_OBJC_ISA_USAGE = YES_ERROR;
				CLANG_WARN_DOCUMENTATION_COMMENTS = YES;
				CLANG_WARN_EMPTY_BODY = YES;
				CLANG_WARN_ENUM_CONVERSION = YES;
				CLANG_WARN_INFINITE_RECURSION = YES;
				CLANG_WARN_INT_CONVERSION = YES;
				CLANG_WARN_NON_LITERAL_NULL_CONVERSION = YES;
				CLANG_WARN_OBJC_IMPLICIT_RETAIN_SELF = YES;
				CLANG_WARN_OBJC_LITERAL_CONVERSION = YES;
				CLANG_WARN_OBJC_ROOT_CLASS = YES_ERROR;
				CLANG_WARN_QUOTED_INCLUDE_IN_FRAMEWORK_HEADER = YES;
				CLANG_WARN_RANGE_LOOP_ANALYSIS = YES;
				CLANG_WARN_STRICT_PROTOTYPES = YES;
				CLANG_WARN_SUSPICIOUS_MOVE = YES;
				CLANG_WARN_UNGUARDED_AVAILABILITY = YES_AGGRESSIVE;
				CLANG_WARN_UNREACHABLE_CODE = YES;
				CLANG_WARN__DUPLICATE_METHOD_MATCH = YES;
				COPY_PHASE_STRIP = NO;
				DEBUG_INFORMATION_FORMAT = "dwarf-with-dsym";
				ENABLE_NS_ASSERTIONS = NO;
				ENABLE_STRICT_OBJC_MSGSEND = YES;
				ENABLE_USER_SCRIPT_SANDBOXING = YES;
				GCC_C_LANGUAGE_STANDARD = gnu17;
				GCC_NO_COMMON_BLOCKS = YES;
				GCC_WARN_64_TO_32_BIT_CONVERSION = YES;
				GCC_WARN_ABOUT_RETURN_TYPE = YES_ERROR;
				GCC_WARN_UNDECLARED_SELECTOR = YES;
				GCC_WARN_UNINITIALIZED_AUTOS = YES_AGGRESSIVE;
				GCC_WARN_UNUSED_FUNCTION = YES;
				GCC_WARN_UNUSED_VARIABLE = YES;
				IPHONEOS_DEPLOYMENT_TARGET = 17.2;
				LOCALIZATION_PREFERS_STRING_CATALOGS = YES;
				MTL_ENABLE_DEBUG_INFO = NO;
				MTL_FAST_MATH = YES;
				SDKROOT = iphoneos;
				SWIFT_COMPILATION_MODE = wholemodule;
				VALIDATE_PRODUCT = YES;
			};
			name = Release;
		};
		F41793082BFAD229002F910A /* Debug */ = {
			isa = XCBuildConfiguration;
			baseConfigurationReference = 368CB8B758FA94CA62E090FE /* Pods-ConexNews.debug.xcconfig */;
			buildSettings = {
				ASSETCATALOG_COMPILER_APPICON_NAME = AppIcon;
				ASSETCATALOG_COMPILER_GLOBAL_ACCENT_COLOR_NAME = AccentColor;
				CODE_SIGN_STYLE = Automatic;
				CURRENT_PROJECT_VERSION = 1;
				DEVELOPMENT_TEAM = 6GYYDUBLJ3;
				GENERATE_INFOPLIST_FILE = YES;
				INFOPLIST_FILE = ConexNews/Info.plist;
				INFOPLIST_KEY_UIApplicationSupportsIndirectInputEvents = YES;
				INFOPLIST_KEY_UILaunchStoryboardName = LaunchScreen;
				INFOPLIST_KEY_UIMainStoryboardFile = Main;
				INFOPLIST_KEY_UIStatusBarStyle = "";
				INFOPLIST_KEY_UISupportedInterfaceOrientations_iPad = "UIInterfaceOrientationPortrait UIInterfaceOrientationPortraitUpsideDown UIInterfaceOrientationLandscapeLeft UIInterfaceOrientationLandscapeRight";
				INFOPLIST_KEY_UISupportedInterfaceOrientations_iPhone = "UIInterfaceOrientationPortrait UIInterfaceOrientationLandscapeLeft UIInterfaceOrientationLandscapeRight";
				LD_RUNPATH_SEARCH_PATHS = (
					"$(inherited)",
					"@executable_path/Frameworks",
				);
				MARKETING_VERSION = 1.0;
				PRODUCT_BUNDLE_IDENTIFIER = federicodiaz.ConexNews;
				PRODUCT_NAME = "$(TARGET_NAME)";
				SWIFT_EMIT_LOC_STRINGS = YES;
				SWIFT_VERSION = 5.0;
				TARGETED_DEVICE_FAMILY = "1,2";
			};
			name = Debug;
		};
		F41793092BFAD229002F910A /* Release */ = {
			isa = XCBuildConfiguration;
			baseConfigurationReference = 7CB1EB1AA0470E6778298023 /* Pods-ConexNews.release.xcconfig */;
			buildSettings = {
				ASSETCATALOG_COMPILER_APPICON_NAME = AppIcon;
				ASSETCATALOG_COMPILER_GLOBAL_ACCENT_COLOR_NAME = AccentColor;
				CODE_SIGN_STYLE = Automatic;
				CURRENT_PROJECT_VERSION = 1;
				DEVELOPMENT_TEAM = 6GYYDUBLJ3;
				GENERATE_INFOPLIST_FILE = YES;
				INFOPLIST_FILE = ConexNews/Info.plist;
				INFOPLIST_KEY_UIApplicationSupportsIndirectInputEvents = YES;
				INFOPLIST_KEY_UILaunchStoryboardName = LaunchScreen;
				INFOPLIST_KEY_UIMainStoryboardFile = Main;
				INFOPLIST_KEY_UIStatusBarStyle = "";
				INFOPLIST_KEY_UISupportedInterfaceOrientations_iPad = "UIInterfaceOrientationPortrait UIInterfaceOrientationPortraitUpsideDown UIInterfaceOrientationLandscapeLeft UIInterfaceOrientationLandscapeRight";
				INFOPLIST_KEY_UISupportedInterfaceOrientations_iPhone = "UIInterfaceOrientationPortrait UIInterfaceOrientationLandscapeLeft UIInterfaceOrientationLandscapeRight";
				LD_RUNPATH_SEARCH_PATHS = (
					"$(inherited)",
					"@executable_path/Frameworks",
				);
				MARKETING_VERSION = 1.0;
				PRODUCT_BUNDLE_IDENTIFIER = federicodiaz.ConexNews;
				PRODUCT_NAME = "$(TARGET_NAME)";
				SWIFT_EMIT_LOC_STRINGS = YES;
				SWIFT_VERSION = 5.0;
				TARGETED_DEVICE_FAMILY = "1,2";
			};
			name = Release;
		};
		F417930B2BFAD229002F910A /* Debug */ = {
			isa = XCBuildConfiguration;
			baseConfigurationReference = 719FFD5D18FEE870510DC3EC /* Pods-ConexNewsTests.debug.xcconfig */;
			buildSettings = {
				ALWAYS_EMBED_SWIFT_STANDARD_LIBRARIES = YES;
				BUNDLE_LOADER = "$(TEST_HOST)";
				CODE_SIGN_STYLE = Automatic;
				CURRENT_PROJECT_VERSION = 1;
				DEVELOPMENT_TEAM = 6GYYDUBLJ3;
				GENERATE_INFOPLIST_FILE = YES;
				IPHONEOS_DEPLOYMENT_TARGET = 17.2;
				MARKETING_VERSION = 1.0;
				PRODUCT_BUNDLE_IDENTIFIER = federicodiaz.ConexNewsTests;
				PRODUCT_NAME = "$(TARGET_NAME)";
				SWIFT_EMIT_LOC_STRINGS = NO;
				SWIFT_VERSION = 5.0;
				TARGETED_DEVICE_FAMILY = "1,2";
				TEST_HOST = "$(BUILT_PRODUCTS_DIR)/ConexNews.app/$(BUNDLE_EXECUTABLE_FOLDER_PATH)/ConexNews";
			};
			name = Debug;
		};
		F417930C2BFAD229002F910A /* Release */ = {
			isa = XCBuildConfiguration;
			baseConfigurationReference = 6F3BB4FF7E85787FE8A39109 /* Pods-ConexNewsTests.release.xcconfig */;
			buildSettings = {
				ALWAYS_EMBED_SWIFT_STANDARD_LIBRARIES = YES;
				BUNDLE_LOADER = "$(TEST_HOST)";
				CODE_SIGN_STYLE = Automatic;
				CURRENT_PROJECT_VERSION = 1;
				DEVELOPMENT_TEAM = 6GYYDUBLJ3;
				GENERATE_INFOPLIST_FILE = YES;
				IPHONEOS_DEPLOYMENT_TARGET = 17.2;
				MARKETING_VERSION = 1.0;
				PRODUCT_BUNDLE_IDENTIFIER = federicodiaz.ConexNewsTests;
				PRODUCT_NAME = "$(TARGET_NAME)";
				SWIFT_EMIT_LOC_STRINGS = NO;
				SWIFT_VERSION = 5.0;
				TARGETED_DEVICE_FAMILY = "1,2";
				TEST_HOST = "$(BUILT_PRODUCTS_DIR)/ConexNews.app/$(BUNDLE_EXECUTABLE_FOLDER_PATH)/ConexNews";
			};
			name = Release;
		};
		F417930E2BFAD229002F910A /* Debug */ = {
			isa = XCBuildConfiguration;
			baseConfigurationReference = 31E8F78F77A2C70FF898F6E6 /* Pods-ConexNews-ConexNewsUITests.debug.xcconfig */;
			buildSettings = {
				ALWAYS_EMBED_SWIFT_STANDARD_LIBRARIES = YES;
				CODE_SIGN_STYLE = Automatic;
				CURRENT_PROJECT_VERSION = 1;
				DEVELOPMENT_TEAM = 6GYYDUBLJ3;
				GENERATE_INFOPLIST_FILE = YES;
				MARKETING_VERSION = 1.0;
				PRODUCT_BUNDLE_IDENTIFIER = federicodiaz.ConexNewsUITests;
				PRODUCT_NAME = "$(TARGET_NAME)";
				SWIFT_EMIT_LOC_STRINGS = NO;
				SWIFT_VERSION = 5.0;
				TARGETED_DEVICE_FAMILY = "1,2";
				TEST_TARGET_NAME = ConexNews;
			};
			name = Debug;
		};
		F417930F2BFAD229002F910A /* Release */ = {
			isa = XCBuildConfiguration;
			baseConfigurationReference = E1F6B8B19C7F31D7542B1D09 /* Pods-ConexNews-ConexNewsUITests.release.xcconfig */;
			buildSettings = {
				ALWAYS_EMBED_SWIFT_STANDARD_LIBRARIES = YES;
				CODE_SIGN_STYLE = Automatic;
				CURRENT_PROJECT_VERSION = 1;
				DEVELOPMENT_TEAM = 6GYYDUBLJ3;
				GENERATE_INFOPLIST_FILE = YES;
				MARKETING_VERSION = 1.0;
				PRODUCT_BUNDLE_IDENTIFIER = federicodiaz.ConexNewsUITests;
				PRODUCT_NAME = "$(TARGET_NAME)";
				SWIFT_EMIT_LOC_STRINGS = NO;
				SWIFT_VERSION = 5.0;
				TARGETED_DEVICE_FAMILY = "1,2";
				TEST_TARGET_NAME = ConexNews;
			};
			name = Release;
		};
/* End XCBuildConfiguration section */

/* Begin XCConfigurationList section */
		F41792D82BFAD227002F910A /* Build configuration list for PBXProject "ConexNews" */ = {
			isa = XCConfigurationList;
			buildConfigurations = (
				F41793052BFAD229002F910A /* Debug */,
				F41793062BFAD229002F910A /* Release */,
			);
			defaultConfigurationIsVisible = 0;
			defaultConfigurationName = Release;
		};
		F41793072BFAD229002F910A /* Build configuration list for PBXNativeTarget "ConexNews" */ = {
			isa = XCConfigurationList;
			buildConfigurations = (
				F41793082BFAD229002F910A /* Debug */,
				F41793092BFAD229002F910A /* Release */,
			);
			defaultConfigurationIsVisible = 0;
			defaultConfigurationName = Release;
		};
		F417930A2BFAD229002F910A /* Build configuration list for PBXNativeTarget "ConexNewsTests" */ = {
			isa = XCConfigurationList;
			buildConfigurations = (
				F417930B2BFAD229002F910A /* Debug */,
				F417930C2BFAD229002F910A /* Release */,
			);
			defaultConfigurationIsVisible = 0;
			defaultConfigurationName = Release;
		};
		F417930D2BFAD229002F910A /* Build configuration list for PBXNativeTarget "ConexNewsUITests" */ = {
			isa = XCConfigurationList;
			buildConfigurations = (
				F417930E2BFAD229002F910A /* Debug */,
				F417930F2BFAD229002F910A /* Release */,
			);
			defaultConfigurationIsVisible = 0;
			defaultConfigurationName = Release;
		};
/* End XCConfigurationList section */
	};
	rootObject = F41792D52BFAD227002F910A /* Project object */;
}
